// !$*UTF8*$!
{
	archiveVersion = 1;
	classes = {
	};
	objectVersion = 56;
	objects = {

/* Begin PBXBuildFile section */
		B82E1CF82AEFD62D0038BCBB /* AppDelegate.swift in Sources */ = {isa = PBXBuildFile; fileRef = B82E1CF72AEFD62D0038BCBB /* AppDelegate.swift */; };
		B82E1CFA2AEFD62D0038BCBB /* ViewController.swift in Sources */ = {isa = PBXBuildFile; fileRef = B82E1CF92AEFD62D0038BCBB /* ViewController.swift */; };
		B82E1CFC2AEFD62E0038BCBB /* Assets.xcassets in Resources */ = {isa = PBXBuildFile; fileRef = B82E1CFB2AEFD62E0038BCBB /* Assets.xcassets */; };
		B82E1CFF2AEFD62E0038BCBB /* Main.storyboard in Resources */ = {isa = PBXBuildFile; fileRef = B82E1CFD2AEFD62E0038BCBB /* Main.storyboard */; };
		B8F52F412B1DE9A5002F979B /* Server.swift in Sources */ = {isa = PBXBuildFile; fileRef = B8F52F3F2B1DE9A5002F979B /* Server.swift */; };
		B8F52F422B1DE9A5002F979B /* ServerConnection.swift in Sources */ = {isa = PBXBuildFile; fileRef = B8F52F402B1DE9A5002F979B /* ServerConnection.swift */; };
		B8F52F442B1DE9AC002F979B /* SocketManager.swift in Sources */ = {isa = PBXBuildFile; fileRef = B8F52F432B1DE9AC002F979B /* SocketManager.swift */; };
		B8FA3DA72B2DB95D0017E32E /* RemoteControl.framework in Frameworks */ = {isa = PBXBuildFile; fileRef = B8FA3DA52B2DB9500017E32E /* RemoteControl.framework */; };
		B8FA3DA82B2DB95D0017E32E /* RemoteControl.framework in Embed Frameworks */ = {isa = PBXBuildFile; fileRef = B8FA3DA52B2DB9500017E32E /* RemoteControl.framework */; settings = {ATTRIBUTES = (CodeSignOnCopy, RemoveHeadersOnCopy, ); }; };
/* End PBXBuildFile section */

/* Begin PBXCopyFilesBuildPhase section */
		B8F52E392B1B5ACB002F979B /* Embed Frameworks */ = {
			isa = PBXCopyFilesBuildPhase;
			buildActionMask = 2147483647;
			dstPath = "";
			dstSubfolderSpec = 10;
			files = (
				B8FA3DA82B2DB95D0017E32E /* RemoteControl.framework in Embed Frameworks */,
			);
			name = "Embed Frameworks";
			runOnlyForDeploymentPostprocessing = 0;
		};
/* End PBXCopyFilesBuildPhase section */

/* Begin PBXFileReference section */
		B82E1CF42AEFD62D0038BCBB /* server-example.app */ = {isa = PBXFileReference; explicitFileType = wrapper.application; includeInIndex = 0; path = "server-example.app"; sourceTree = BUILT_PRODUCTS_DIR; };
		B82E1CF72AEFD62D0038BCBB /* AppDelegate.swift */ = {isa = PBXFileReference; lastKnownFileType = sourcecode.swift; path = AppDelegate.swift; sourceTree = "<group>"; };
		B82E1CF92AEFD62D0038BCBB /* ViewController.swift */ = {isa = PBXFileReference; lastKnownFileType = sourcecode.swift; path = ViewController.swift; sourceTree = "<group>"; };
		B82E1CFB2AEFD62E0038BCBB /* Assets.xcassets */ = {isa = PBXFileReference; lastKnownFileType = folder.assetcatalog; path = Assets.xcassets; sourceTree = "<group>"; };
		B82E1CFE2AEFD62E0038BCBB /* Base */ = {isa = PBXFileReference; lastKnownFileType = file.storyboard; name = Base; path = Base.lproj/Main.storyboard; sourceTree = "<group>"; };
		B82E1D002AEFD62E0038BCBB /* server_example.entitlements */ = {isa = PBXFileReference; lastKnownFileType = text.plist.entitlements; path = server_example.entitlements; sourceTree = "<group>"; };
		B8F52F3F2B1DE9A5002F979B /* Server.swift */ = {isa = PBXFileReference; fileEncoding = 4; lastKnownFileType = sourcecode.swift; path = Server.swift; sourceTree = "<group>"; };
		B8F52F402B1DE9A5002F979B /* ServerConnection.swift */ = {isa = PBXFileReference; fileEncoding = 4; lastKnownFileType = sourcecode.swift; path = ServerConnection.swift; sourceTree = "<group>"; };
		B8F52F432B1DE9AC002F979B /* SocketManager.swift */ = {isa = PBXFileReference; lastKnownFileType = sourcecode.swift; path = SocketManager.swift; sourceTree = "<group>"; };
		B8FA3DA52B2DB9500017E32E /* RemoteControl.framework */ = {isa = PBXFileReference; lastKnownFileType = wrapper.framework; path = RemoteControl.framework; sourceTree = "<group>"; };
/* End PBXFileReference section */

/* Begin PBXFrameworksBuildPhase section */
		B82E1CF12AEFD62D0038BCBB /* Frameworks */ = {
			isa = PBXFrameworksBuildPhase;
			buildActionMask = 2147483647;
			files = (
				B8FA3DA72B2DB95D0017E32E /* RemoteControl.framework in Frameworks */,
			);
			runOnlyForDeploymentPostprocessing = 0;
		};
/* End PBXFrameworksBuildPhase section */

/* Begin PBXGroup section */
		B82E1CEB2AEFD62D0038BCBB = {
			isa = PBXGroup;
			children = (
				B82E1CF62AEFD62D0038BCBB /* server-example */,
				B82E1CF52AEFD62D0038BCBB /* Products */,
			);
			sourceTree = "<group>";
		};
		B82E1CF52AEFD62D0038BCBB /* Products */ = {
			isa = PBXGroup;
			children = (
				B82E1CF42AEFD62D0038BCBB /* server-example.app */,
			);
			name = Products;
			sourceTree = "<group>";
		};
		B82E1CF62AEFD62D0038BCBB /* server-example */ = {
			isa = PBXGroup;
			children = (
				B8FA3DA52B2DB9500017E32E /* RemoteControl.framework */,
				B8F52F3E2B1DE99C002F979B /* Server */,
				B8F52F3D2B1DE993002F979B /* SocketManager */,
				B82E1CF72AEFD62D0038BCBB /* AppDelegate.swift */,
				B82E1CF92AEFD62D0038BCBB /* ViewController.swift */,
				B82E1CFB2AEFD62E0038BCBB /* Assets.xcassets */,
				B82E1CFD2AEFD62E0038BCBB /* Main.storyboard */,
				B82E1D002AEFD62E0038BCBB /* server_example.entitlements */,
			);
			path = "server-example";
			sourceTree = "<group>";
		};
		B8F52F3D2B1DE993002F979B /* SocketManager */ = {
			isa = PBXGroup;
			children = (
				B8F52F432B1DE9AC002F979B /* SocketManager.swift */,
			);
			path = SocketManager;
			sourceTree = "<group>";
		};
		B8F52F3E2B1DE99C002F979B /* Server */ = {
			isa = PBXGroup;
			children = (
				B8F52F3F2B1DE9A5002F979B /* Server.swift */,
				B8F52F402B1DE9A5002F979B /* ServerConnection.swift */,
			);
			path = Server;
			sourceTree = "<group>";
		};
/* End PBXGroup section */

/* Begin PBXNativeTarget section */
		B82E1CF32AEFD62D0038BCBB /* server-example */ = {
			isa = PBXNativeTarget;
			buildConfigurationList = B82E1D032AEFD62E0038BCBB /* Build configuration list for PBXNativeTarget "server-example" */;
			buildPhases = (
				B82E1CF02AEFD62D0038BCBB /* Sources */,
				B82E1CF12AEFD62D0038BCBB /* Frameworks */,
				B82E1CF22AEFD62D0038BCBB /* Resources */,
				B8F52E392B1B5ACB002F979B /* Embed Frameworks */,
			);
			buildRules = (
			);
			dependencies = (
			);
			name = "server-example";
			packageProductDependencies = (
			);
			productName = "server-example";
			productReference = B82E1CF42AEFD62D0038BCBB /* server-example.app */;
			productType = "com.apple.product-type.application";
		};
/* End PBXNativeTarget section */

/* Begin PBXProject section */
		B82E1CEC2AEFD62D0038BCBB /* Project object */ = {
			isa = PBXProject;
			attributes = {
				BuildIndependentTargetsInParallel = 1;
				LastSwiftUpdateCheck = 1430;
				LastUpgradeCheck = 1430;
				TargetAttributes = {
					B82E1CF32AEFD62D0038BCBB = {
						CreatedOnToolsVersion = 14.3.1;
					};
				};
			};
			buildConfigurationList = B82E1CEF2AEFD62D0038BCBB /* Build configuration list for PBXProject "server-example" */;
			compatibilityVersion = "Xcode 14.0";
			developmentRegion = en;
			hasScannedForEncodings = 0;
			knownRegions = (
				en,
				Base,
			);
			mainGroup = B82E1CEB2AEFD62D0038BCBB;
			packageReferences = (
			);
			productRefGroup = B82E1CF52AEFD62D0038BCBB /* Products */;
			projectDirPath = "";
			projectRoot = "";
			targets = (
				B82E1CF32AEFD62D0038BCBB /* server-example */,
			);
		};
/* End PBXProject section */

/* Begin PBXResourcesBuildPhase section */
		B82E1CF22AEFD62D0038BCBB /* Resources */ = {
			isa = PBXResourcesBuildPhase;
			buildActionMask = 2147483647;
			files = (
				B82E1CFC2AEFD62E0038BCBB /* Assets.xcassets in Resources */,
				B82E1CFF2AEFD62E0038BCBB /* Main.storyboard in Resources */,
			);
			runOnlyForDeploymentPostprocessing = 0;
		};
/* End PBXResourcesBuildPhase section */

/* Begin PBXSourcesBuildPhase section */
		B82E1CF02AEFD62D0038BCBB /* Sources */ = {
			isa = PBXSourcesBuildPhase;
			buildActionMask = 2147483647;
			files = (
				B8F52F422B1DE9A5002F979B /* ServerConnection.swift in Sources */,
				B82E1CFA2AEFD62D0038BCBB /* ViewController.swift in Sources */,
				B8F52F412B1DE9A5002F979B /* Server.swift in Sources */,
				B82E1CF82AEFD62D0038BCBB /* AppDelegate.swift in Sources */,
				B8F52F442B1DE9AC002F979B /* SocketManager.swift in Sources */,
			);
			runOnlyForDeploymentPostprocessing = 0;
		};
/* End PBXSourcesBuildPhase section */

/* Begin PBXVariantGroup section */
		B82E1CFD2AEFD62E0038BCBB /* Main.storyboard */ = {
			isa = PBXVariantGroup;
			children = (
				B82E1CFE2AEFD62E0038BCBB /* Base */,
			);
			name = Main.storyboard;
			sourceTree = "<group>";
		};
/* End PBXVariantGroup section */

/* Begin XCBuildConfiguration section */
		B82E1D012AEFD62E0038BCBB /* Debug */ = {
			isa = XCBuildConfiguration;
			buildSettings = {
				ALWAYS_SEARCH_USER_PATHS = NO;
				CLANG_ANALYZER_NONNULL = YES;
				CLANG_ANALYZER_NUMBER_OBJECT_CONVERSION = YES_AGGRESSIVE;
				CLANG_CXX_LANGUAGE_STANDARD = "gnu++20";
				CLANG_ENABLE_MODULES = YES;
				CLANG_ENABLE_OBJC_ARC = YES;
				CLANG_ENABLE_OBJC_WEAK = YES;
				CLANG_WARN_BLOCK_CAPTURE_AUTORELEASING = YES;
				CLANG_WARN_BOOL_CONVERSION = YES;
				CLANG_WARN_COMMA = YES;
				CLANG_WARN_CONSTANT_CONVERSION = YES;
				CLANG_WARN_DEPRECATED_OBJC_IMPLEMENTATIONS = YES;
				CLANG_WARN_DIRECT_OBJC_ISA_USAGE = YES_ERROR;
				CLANG_WARN_DOCUMENTATION_COMMENTS = YES;
				CLANG_WARN_EMPTY_BODY = YES;
				CLANG_WARN_ENUM_CONVERSION = YES;
				CLANG_WARN_INFINITE_RECURSION = YES;
				CLANG_WARN_INT_CONVERSION = YES;
				CLANG_WARN_NON_LITERAL_NULL_CONVERSION = YES;
				CLANG_WARN_OBJC_IMPLICIT_RETAIN_SELF = YES;
				CLANG_WARN_OBJC_LITERAL_CONVERSION = YES;
				CLANG_WARN_OBJC_ROOT_CLASS = YES_ERROR;
				CLANG_WARN_QUOTED_INCLUDE_IN_FRAMEWORK_HEADER = YES;
				CLANG_WARN_RANGE_LOOP_ANALYSIS = YES;
				CLANG_WARN_STRICT_PROTOTYPES = YES;
				CLANG_WARN_SUSPICIOUS_MOVE = YES;
				CLANG_WARN_UNGUARDED_AVAILABILITY = YES_AGGRESSIVE;
				CLANG_WARN_UNREACHABLE_CODE = YES;
				CLANG_WARN__DUPLICATE_METHOD_MATCH = YES;
				COPY_PHASE_STRIP = NO;
				DEBUG_INFORMATION_FORMAT = dwarf;
				ENABLE_STRICT_OBJC_MSGSEND = YES;
				ENABLE_TESTABILITY = YES;
				GCC_C_LANGUAGE_STANDARD = gnu11;
				GCC_DYNAMIC_NO_PIC = NO;
				GCC_NO_COMMON_BLOCKS = YES;
				GCC_OPTIMIZATION_LEVEL = 0;
				GCC_PREPROCESSOR_DEFINITIONS = (
					"DEBUG=1",
					"$(inherited)",
				);
				GCC_WARN_64_TO_32_BIT_CONVERSION = YES;
				GCC_WARN_ABOUT_RETURN_TYPE = YES_ERROR;
				GCC_WARN_UNDECLARED_SELECTOR = YES;
				GCC_WARN_UNINITIALIZED_AUTOS = YES_AGGRESSIVE;
				GCC_WARN_UNUSED_FUNCTION = YES;
				GCC_WARN_UNUSED_VARIABLE = YES;
				MACOSX_DEPLOYMENT_TARGET = 13.3;
				MTL_ENABLE_DEBUG_INFO = INCLUDE_SOURCE;
				MTL_FAST_MATH = YES;
				ONLY_ACTIVE_ARCH = YES;
				SDKROOT = macosx;
				SWIFT_ACTIVE_COMPILATION_CONDITIONS = DEBUG;
				SWIFT_OPTIMIZATION_LEVEL = "-Onone";
			};
			name = Debug;
		};
		B82E1D022AEFD62E0038BCBB /* Release */ = {
			isa = XCBuildConfiguration;
			buildSettings = {
				ALWAYS_SEARCH_USER_PATHS = NO;
				CLANG_ANALYZER_NONNULL = YES;
				CLANG_ANALYZER_NUMBER_OBJECT_CONVERSION = YES_AGGRESSIVE;
				CLANG_CXX_LANGUAGE_STANDARD = "gnu++20";
				CLANG_ENABLE_MODULES = YES;
				CLANG_ENABLE_OBJC_ARC = YES;
				CLANG_ENABLE_OBJC_WEAK = YES;
				CLANG_WARN_BLOCK_CAPTURE_AUTORELEASING = YES;
				CLANG_WARN_BOOL_CONVERSION = YES;
				CLANG_WARN_COMMA = YES;
				CLANG_WARN_CONSTANT_CONVERSION = YES;
				CLANG_WARN_DEPRECATED_OBJC_IMPLEMENTATIONS = YES;
				CLANG_WARN_DIRECT_OBJC_ISA_USAGE = YES_ERROR;
				CLANG_WARN_DOCUMENTATION_COMMENTS = YES;
				CLANG_WARN_EMPTY_BODY = YES;
				CLANG_WARN_ENUM_CONVERSION = YES;
				CLANG_WARN_INFINITE_RECURSION = YES;
				CLANG_WARN_INT_CONVERSION = YES;
				CLANG_WARN_NON_LITERAL_NULL_CONVERSION = YES;
				CLANG_WARN_OBJC_IMPLICIT_RETAIN_SELF = YES;
				CLANG_WARN_OBJC_LITERAL_CONVERSION = YES;
				CLANG_WARN_OBJC_ROOT_CLASS = YES_ERROR;
				CLANG_WARN_QUOTED_INCLUDE_IN_FRAMEWORK_HEADER = YES;
				CLANG_WARN_RANGE_LOOP_ANALYSIS = YES;
				CLANG_WARN_STRICT_PROTOTYPES = YES;
				CLANG_WARN_SUSPICIOUS_MOVE = YES;
				CLANG_WARN_UNGUARDED_AVAILABILITY = YES_AGGRESSIVE;
				CLANG_WARN_UNREACHABLE_CODE = YES;
				CLANG_WARN__DUPLICATE_METHOD_MATCH = YES;
				COPY_PHASE_STRIP = NO;
				DEBUG_INFORMATION_FORMAT = "dwarf-with-dsym";
				ENABLE_NS_ASSERTIONS = NO;
				ENABLE_STRICT_OBJC_MSGSEND = YES;
				GCC_C_LANGUAGE_STANDARD = gnu11;
				GCC_NO_COMMON_BLOCKS = YES;
				GCC_WARN_64_TO_32_BIT_CONVERSION = YES;
				GCC_WARN_ABOUT_RETURN_TYPE = YES_ERROR;
				GCC_WARN_UNDECLARED_SELECTOR = YES;
				GCC_WARN_UNINITIALIZED_AUTOS = YES_AGGRESSIVE;
				GCC_WARN_UNUSED_FUNCTION = YES;
				GCC_WARN_UNUSED_VARIABLE = YES;
				MACOSX_DEPLOYMENT_TARGET = 13.3;
				MTL_ENABLE_DEBUG_INFO = NO;
				MTL_FAST_MATH = YES;
				SDKROOT = macosx;
				SWIFT_COMPILATION_MODE = wholemodule;
				SWIFT_OPTIMIZATION_LEVEL = "-O";
			};
			name = Release;
		};
		B82E1D042AEFD62E0038BCBB /* Debug */ = {
			isa = XCBuildConfiguration;
			buildSettings = {
				ASSETCATALOG_COMPILER_APPICON_NAME = AppIcon;
				ASSETCATALOG_COMPILER_GLOBAL_ACCENT_COLOR_NAME = AccentColor;
				CODE_SIGN_ENTITLEMENTS = "server-example/server_example.entitlements";
				CODE_SIGN_STYLE = Automatic;
				COMBINE_HIDPI_IMAGES = YES;
				CURRENT_PROJECT_VERSION = 1;
				FRAMEWORK_SEARCH_PATHS = (
					"$(inherited)",
					"$(PROJECT_DIR)/server-example",
				);
				GENERATE_INFOPLIST_FILE = YES;
				INFOPLIST_KEY_NSHumanReadableCopyright = "";
				INFOPLIST_KEY_NSMainStoryboardFile = Main;
				INFOPLIST_KEY_NSPrincipalClass = NSApplication;
				LD_RUNPATH_SEARCH_PATHS = (
					"$(inherited)",
					"@executable_path/../Frameworks",
				);
				MARKETING_VERSION = 1.0;
				PRODUCT_BUNDLE_IDENTIFIER = "com.server-example";
				PRODUCT_NAME = "$(TARGET_NAME)";
				SWIFT_EMIT_LOC_STRINGS = YES;
				SWIFT_VERSION = 5.0;
			};
			name = Debug;
		};
		B82E1D052AEFD62E0038BCBB /* Release */ = {
			isa = XCBuildConfiguration;
			buildSettings = {
				ASSETCATALOG_COMPILER_APPICON_NAME = AppIcon;
				ASSETCATALOG_COMPILER_GLOBAL_ACCENT_COLOR_NAME = AccentColor;
				CODE_SIGN_ENTITLEMENTS = "server-example/server_example.entitlements";
				CODE_SIGN_STYLE = Automatic;
				COMBINE_HIDPI_IMAGES = YES;
				CURRENT_PROJECT_VERSION = 1;
				FRAMEWORK_SEARCH_PATHS = (
					"$(inherited)",
					"$(PROJECT_DIR)/server-example",
				);
				GENERATE_INFOPLIST_FILE = YES;
				INFOPLIST_KEY_NSHumanReadableCopyright = "";
				INFOPLIST_KEY_NSMainStoryboardFile = Main;
				INFOPLIST_KEY_NSPrincipalClass = NSApplication;
				LD_RUNPATH_SEARCH_PATHS = (
					"$(inherited)",
					"@executable_path/../Frameworks",
				);
				MARKETING_VERSION = 1.0;
				PRODUCT_BUNDLE_IDENTIFIER = "com.server-example";
				PRODUCT_NAME = "$(TARGET_NAME)";
				SWIFT_EMIT_LOC_STRINGS = YES;
				SWIFT_VERSION = 5.0;
			};
			name = Release;
		};
/* End XCBuildConfiguration section */

/* Begin XCConfigurationList section */
		B82E1CEF2AEFD62D0038BCBB /* Build configuration list for PBXProject "server-example" */ = {
			isa = XCConfigurationList;
			buildConfigurations = (
				B82E1D012AEFD62E0038BCBB /* Debug */,
				B82E1D022AEFD62E0038BCBB /* Release */,
			);
			defaultConfigurationIsVisible = 0;
			defaultConfigurationName = Release;
		};
		B82E1D032AEFD62E0038BCBB /* Build configuration list for PBXNativeTarget "server-example" */ = {
			isa = XCConfigurationList;
			buildConfigurations = (
				B82E1D042AEFD62E0038BCBB /* Debug */,
				B82E1D052AEFD62E0038BCBB /* Release */,
			);
			defaultConfigurationIsVisible = 0;
			defaultConfigurationName = Release;
		};
/* End XCConfigurationList section */
	};
	rootObject = B82E1CEC2AEFD62D0038BCBB /* Project object */;
}
